
Microsoft Visual Studio Solution File, Format Version 12.00
# Visual Studio Version 16
VisualStudioVersion = 16.0.29519.87
MinimumVisualStudioVersion = 10.0.40219.1
Project("{FAE04EC0-301F-11D3-BF4B-00C04F79EFBC}") = "dxSampleReactReportingPrintWithoutPreview", "dxSampleReactReportingPrintWithoutPreview\dxSampleReactReportingPrintWithoutPreview.csproj", "{C2EE00BA-5B9C-4024-A881-D32ED4EF5E46}"
EndProject
Global
	GlobalSection(SolutionConfigurationPlatforms) = preSolution
		Debug|Any CPU = Debug|Any CPU
		Release|Any CPU = Release|Any CPU
	EndGlobalSection
	GlobalSection(ProjectConfigurationPlatforms) = postSolution
		{C2EE00BA-5B9C-4024-A881-D32ED4EF5E46}.Debug|Any CPU.ActiveCfg = Debug|Any CPU
		{C2EE00BA-5B9C-4024-A881-D32ED4EF5E46}.Debug|Any CPU.Build.0 = Debug|Any CPU
		{C2EE00BA-5B9C-4024-A881-D32ED4EF5E46}.Release|Any CPU.ActiveCfg = Release|Any CPU
		{C2EE00BA-5B9C-4024-A881-D32ED4EF5E46}.Release|Any CPU.Build.0 = Release|Any CPU
	EndGlobalSection
	GlobalSection(SolutionProperties) = preSolution
		HideSolutionNode = FALSE
	EndGlobalSection
	GlobalSection(ExtensibilityGlobals) = postSolution
		SolutionGuid = {C6EDD4E7-97C0-42C5-9FE3-4ECF6526A975}
	EndGlobalSection
EndGlobal
